# THIS IS AN AUTOGENERATED FILE. DO NOT EDIT THIS FILE DIRECTLY.
# yarn lockfile v1


"@kit-js/async@^1.0.5":
  version "1.2.2"
  resolved "https://registry.npmjs.org/@kit-js/async/-/async-1.2.2.tgz"
  integrity sha512-bGeXsCc2sPtIQuX1KT9QfA5LBqAPzXCi6rswV/6QX0n3cPPGFsozWkOCcKwNb7hz3XVC8MifjVbnaz6zr2u6jA==
  dependencies:
    "@kit-js/core" "^1.3.1"
    "@kit-js/interface" "^2.0.4"

"@kit-js/collections@^1.0.3":
  version "1.0.3"
  resolved "https://registry.npmjs.org/@kit-js/collections/-/collections-1.0.3.tgz"
  integrity sha512-KmCSTEDGRFwDqxBmPtPlCDrjHzYSijXjvC4byV/qpDtlyov2YHxwxJXMMHxbNlNk4PWV7ZjuHYqrqL1wPXdn5A==
  dependencies:
    "@kit-js/core" "*"
    "@kit-js/interface" "*"

"@kit-js/core@*", "@kit-js/core@^1.3.1":
  version "1.3.1"
  resolved "https://registry.npmjs.org/@kit-js/core/-/core-1.3.1.tgz"
  integrity sha512-X3/SZuF7BvKWXJArvJZjlezySQEQPHA4Lki9+XVOFKKodU5bIeo9qyUay+fZA6tnvTxPDiOs4k7+AQoZagJG7g==
  dependencies:
    ramda "^0.23.0"
    sibilant "*"
    source-map-support "*"

"@kit-js/interface@*", "@kit-js/interface@^2.0.4":
  version "2.0.4"
  resolved "https://registry.npmjs.org/@kit-js/interface/-/interface-2.0.4.tgz"
  integrity sha512-2TrkEKWA8tp5dGQF4EirPQgtZaBqDQ6tEqLTa05ruIFoHahJJvogOP2TYBCg/VcLAHHcWI3wXytPN3zV7gYkEA==
  dependencies:
    "@kit-js/core" "^1.3.1"

ansicolors@~0.3.2:
  version "0.3.2"
  resolved "https://registry.npmjs.org/ansicolors/-/ansicolors-0.3.2.tgz"
  integrity sha512-QXu7BPrP29VllRxH8GwB7x5iX5qWKAAMLqKQGWTeLWVlNHNOpVMJ91dsxQAIWXpjuW5wqvxu3Jd/nRjrJ+0pqg==

buffer-from@^1.0.0:
  version "1.1.2"
  resolved "https://registry.npmjs.org/buffer-from/-/buffer-from-1.1.2.tgz"
  integrity sha512-E+XQCRwSbaaiChtv6k6Dwgc+bx+Bs6vuKJHHl5kox/BaKbhiXzqQOwK4cO22yElGp2OCmjwVhT3HmxgyPGnJfQ==

cardinal@>=0.6.0:
  version "2.1.1"
  resolved "https://registry.npmjs.org/cardinal/-/cardinal-2.1.1.tgz"
  integrity sha512-JSr5eOgoEymtYHBjNWyjrMqet9Am2miJhlfKNdqLp6zoeAh0KN5dRAcxlecj5mAJrmQomgiOBj35xHLrFjqBpw==
  dependencies:
    ansicolors "~0.3.2"
    redeyed "~2.1.0"

esprima@~4.0.0:
  version "4.0.1"
  resolved "https://registry.npmjs.org/esprima/-/esprima-4.0.1.tgz"
  integrity sha512-eGuFFw7Upda+g4p+QHvnW0RyTX/SVeJBDM/gCtMARO0cLuT2HcEKnTPvhjV6aGeqrCB/sbNop0Kszm0jsaWU4A==

ramda@^0.23.0:
  version "0.23.0"
  resolved "https://registry.npmjs.org/ramda/-/ramda-0.23.0.tgz"
  integrity sha512-ZEg7VlLXEeDfdkmqGi/12/2n8vNlxdx3iU74GbEP6VN2Udx4jLTn6Fw0jU4sjmvaPKjrIZIYk8HBj7quaie97Q==

redeyed@~2.1.0:
  version "2.1.1"
  resolved "https://registry.npmjs.org/redeyed/-/redeyed-2.1.1.tgz"
  integrity sha512-FNpGGo1DycYAdnrKFxCMmKYgo/mILAqtRYbkdQD8Ep/Hk2PQ5+aEAEx+IU713RTDmuBaH0c8P5ZozurNu5ObRQ==
  dependencies:
    esprima "~4.0.0"

sibilant@*, "sibilant@git+https://github.com/riatzukiza/lithp.git":
  version "0.5.6"
  resolved "git+ssh://git@github.com/riatzukiza/lithp.git#a9934a6c8c42a2b341db13ed0cfe3786c49a6bc8"
  dependencies:
    cardinal ">=0.6.0"
    source-map ">=0.5.3"
    source-map-support ">=0.3.3"

source-map-support@*, source-map-support@>=0.3.3:
  version "0.5.6"
  resolved "https://registry.npmjs.org/source-map-support/-/source-map-support-0.5.6.tgz"
  integrity sha512-N4KXEz7jcKqPf2b2vZF11lQIz9W5ZMuUcIOGj243lduidkf2fjkVKJS9vNxVWn3u/uxX38AcE8U9nnH9FPcq+g==
  dependencies:
    buffer-from "^1.0.0"
    source-map "^0.6.0"

source-map@^0.6.0:
  version "0.6.1"
  resolved "https://registry.npmjs.org/source-map/-/source-map-0.6.1.tgz"
  integrity sha512-UjgapumWlbMhkBgzT7Ykc5YXUT46F0iKu8SGXq0bcwP5dz/h0Plj6enJqjz1Zbq2l5WaqYnrVbwWOWMyF3F47g==

source-map@>=0.5.3:
  version "0.7.3"
  resolved "https://registry.npmjs.org/source-map/-/source-map-0.7.3.tgz"
  integrity sha512-CkCj6giN3S+n9qrYiBTX5gystlENnRW5jZeNLHpe6aue+SrHcG5VYwujhW9s4dY31mEGsxBDrHR6oI69fTXsaQ==
